
Microsoft Visual Studio Solution File, Format Version 12.00
# Visual Studio Version 17
VisualStudioVersion = 17.1.32421.90
MinimumVisualStudioVersion = 10.0.40219.1
Project("{FAE04EC0-301F-11D3-BF4B-00C04F79EFBC}") = "v2ShoppingCart", "v2ShoppingCart.csproj", "{60E1ED9D-94B7-4675-AE30-CD8FDEB69697}"
EndProject
Global
	GlobalSection(SolutionConfigurationPlatforms) = preSolution
		Debug|Any CPU = Debug|Any CPU
		Release|Any CPU = Release|Any CPU
	EndGlobalSection
	GlobalSection(ProjectConfigurationPlatforms) = postSolution
		{60E1ED9D-94B7-4675-AE30-CD8FDEB69697}.Debug|Any CPU.ActiveCfg = Debug|Any CPU
		{60E1ED9D-94B7-4675-AE30-CD8FDEB69697}.Debug|Any CPU.Build.0 = Debug|Any CPU
		{60E1ED9D-94B7-4675-AE30-CD8FDEB69697}.Release|Any CPU.ActiveCfg = Release|Any CPU
		{60E1ED9D-94B7-4675-AE30-CD8FDEB69697}.Release|Any CPU.Build.0 = Release|Any CPU
	EndGlobalSection
	GlobalSection(SolutionProperties) = preSolution
		HideSolutionNode = FALSE
	EndGlobalSection
	GlobalSection(ExtensibilityGlobals) = postSolution
		SolutionGuid = {7B03F0EF-02AE-4F3E-83C9-8B784A467A5E}
	EndGlobalSection
EndGlobal
